// !$*UTF8*$!
{
	archiveVersion = 1;
	classes = {
	};
	objectVersion = 46;
	objects = {

/* Begin PBXBuildFile section */
		515A7B521C604A7700DD2CFE /* google@2x.png in Resources */ = {isa = PBXBuildFile; fileRef = 515A7B511C604A7700DD2CFE /* google@2x.png */; };
		518A09EE1C5F5D9A000B8BFE /* AftWCArticleCell.m in Sources */ = {isa = PBXBuildFile; fileRef = 518A09ED1C5F5D9A000B8BFE /* AftWCArticleCell.m */; };
		51D33DB61C8450B600DFE83E /* LaunchScreen.storyboard in Resources */ = {isa = PBXBuildFile; fileRef = 51D33DB41C8450B600DFE83E /* LaunchScreen.storyboard */; };
		51D33DB81C84515100DFE83E /* launchImage1136.png in Resources */ = {isa = PBXBuildFile; fileRef = 51D33DB71C84515100DFE83E /* launchImage1136.png */; };
		AC24A21745C6E749CAEE5BD1 /* libPods-Afternoon.a in Frameworks */ = {isa = PBXBuildFile; fileRef = EA25902DC1C6F6A56994206A /* libPods-Afternoon.a */; };
		DF11AEA41C9296A40065520C /* AftAlbumCell.m in Sources */ = {isa = PBXBuildFile; fileRef = DF11AEA31C9296A40065520C /* AftAlbumCell.m */; };
		DF11AEA71C929C6B0065520C /* AftAlbum.m in Sources */ = {isa = PBXBuildFile; fileRef = DF11AEA61C929C6B0065520C /* AftAlbum.m */; };
		DF18BFC21C97E801005173C8 /* JRPhotoViewer.m in Sources */ = {isa = PBXBuildFile; fileRef = DF18BFC11C97E801005173C8 /* JRPhotoViewer.m */; };
		DF38BAE71BF5D3F0007D9AC3 /* Model.xcdatamodeld in Sources */ = {isa = PBXBuildFile; fileRef = DF38BAE51BF5D3F0007D9AC3 /* Model.xcdatamodeld */; };
		DF38BAF31BF5D602007D9AC3 /* AftMedia+CoreDataProperties.m in Sources */ = {isa = PBXBuildFile; fileRef = DF38BAF01BF5D602007D9AC3 /* AftMedia+CoreDataProperties.m */; };
		DF38BAF41BF5D602007D9AC3 /* AftMedia.m in Sources */ = {isa = PBXBuildFile; fileRef = DF38BAF21BF5D602007D9AC3 /* AftMedia.m */; };
		DF6302EB1C946C00003FE874 /* AftAlbumTableHeadView.m in Sources */ = {isa = PBXBuildFile; fileRef = DF6302EA1C946C00003FE874 /* AftAlbumTableHeadView.m */; };
		DFC554EE1C5E585A00AF705F /* AftWCArticleListController.m in Sources */ = {isa = PBXBuildFile; fileRef = DFC554ED1C5E585A00AF705F /* AftWCArticleListController.m */; };
		DFC554F11C5E58DC00AF705F /* AftWebViewController.m in Sources */ = {isa = PBXBuildFile; fileRef = DFC554F01C5E58DC00AF705F /* AftWebViewController.m */; };
		DFC554F41C5E5CD000AF705F /* AftWebModel.m in Sources */ = {isa = PBXBuildFile; fileRef = DFC554F31C5E5CD000AF705F /* AftWebModel.m */; };
		DFD402611BDBC653009EC2BB /* Main.storyboard in Resources */ = {isa = PBXBuildFile; fileRef = DFD4025F1BDBC653009EC2BB /* Main.storyboard */; };
		DFD402631BDBC653009EC2BB /* Assets.xcassets in Resources */ = {isa = PBXBuildFile; fileRef = DFD402621BDBC653009EC2BB /* Assets.xcassets */; };
		DFD4026F1BDBC733009EC2BB /* Info.plist in Resources */ = {isa = PBXBuildFile; fileRef = DFD4026D1BDBC733009EC2BB /* Info.plist */; };
		DFD402701BDBC733009EC2BB /* main.m in Sources */ = {isa = PBXBuildFile; fileRef = DFD4026E1BDBC733009EC2BB /* main.m */; };
		DFD402741BDBC73A009EC2BB /* AppDelegate.m in Sources */ = {isa = PBXBuildFile; fileRef = DFD402731BDBC73A009EC2BB /* AppDelegate.m */; };
		DFD402791BDBC779009EC2BB /* ViewController.m in Sources */ = {isa = PBXBuildFile; fileRef = DFD402781BDBC779009EC2BB /* ViewController.m */; };
		DFD4027C1BDBD1BA009EC2BB /* BmobSDK.framework in Frameworks */ = {isa = PBXBuildFile; fileRef = DFD4027B1BDBD1BA009EC2BB /* BmobSDK.framework */; };
		DFD4027E1BDBD32C009EC2BB /* MediaPlayer.framework in Frameworks */ = {isa = PBXBuildFile; fileRef = DFD4027D1BDBD32C009EC2BB /* MediaPlayer.framework */; };
		DFD402801BDBD332009EC2BB /* AVFoundation.framework in Frameworks */ = {isa = PBXBuildFile; fileRef = DFD4027F1BDBD332009EC2BB /* AVFoundation.framework */; };
		DFD402821BDBD33B009EC2BB /* SystemConfiguration.framework in Frameworks */ = {isa = PBXBuildFile; fileRef = DFD402811BDBD33B009EC2BB /* SystemConfiguration.framework */; };
		DFD402841BDBD347009EC2BB /* CoreTelephony.framework in Frameworks */ = {isa = PBXBuildFile; fileRef = DFD402831BDBD347009EC2BB /* CoreTelephony.framework */; };
		DFD402861BDBD350009EC2BB /* CFNetwork.framework in Frameworks */ = {isa = PBXBuildFile; fileRef = DFD402851BDBD350009EC2BB /* CFNetwork.framework */; };
		DFD402881BDBD35A009EC2BB /* MobileCoreServices.framework in Frameworks */ = {isa = PBXBuildFile; fileRef = DFD402871BDBD35A009EC2BB /* MobileCoreServices.framework */; };
		DFD4028A1BDBD365009EC2BB /* CoreGraphics.framework in Frameworks */ = {isa = PBXBuildFile; fileRef = DFD402891BDBD365009EC2BB /* CoreGraphics.framework */; };
		DFD4028C1BDBD379009EC2BB /* Security.framework in Frameworks */ = {isa = PBXBuildFile; fileRef = DFD4028B1BDBD379009EC2BB /* Security.framework */; };
		DFD4028E1BDBD381009EC2BB /* CoreLocation.framework in Frameworks */ = {isa = PBXBuildFile; fileRef = DFD4028D1BDBD381009EC2BB /* CoreLocation.framework */; };
		DFD402901BDBD39A009EC2BB /* libsqlite3.tbd in Frameworks */ = {isa = PBXBuildFile; fileRef = DFD4028F1BDBD39A009EC2BB /* libsqlite3.tbd */; };
		DFD402921BDBD3AB009EC2BB /* libz.1.2.5.tbd in Frameworks */ = {isa = PBXBuildFile; fileRef = DFD402911BDBD3AB009EC2BB /* libz.1.2.5.tbd */; };
		DFD402941BDBD3BC009EC2BB /* libicucore.tbd in Frameworks */ = {isa = PBXBuildFile; fileRef = DFD402931BDBD3BC009EC2BB /* libicucore.tbd */; };
		DFD402981BDBE2BF009EC2BB /* AftBaseController.m in Sources */ = {isa = PBXBuildFile; fileRef = DFD402971BDBE2BF009EC2BB /* AftBaseController.m */; };
		DFD4029E1BDBE32E009EC2BB /* AftAlbumController.m in Sources */ = {isa = PBXBuildFile; fileRef = DFD4029D1BDBE32E009EC2BB /* AftAlbumController.m */; };
		DFD402A11BDBE33F009EC2BB /* AftMusicController.m in Sources */ = {isa = PBXBuildFile; fileRef = DFD402A01BDBE33F009EC2BB /* AftMusicController.m */; };
		DFD402A41BDD0E13009EC2BB /* AftMainController.m in Sources */ = {isa = PBXBuildFile; fileRef = DFD402A31BDD0E13009EC2BB /* AftMainController.m */; };
		DFDCC8691BE8AAC0000B945D /* AftAlbumRotateView.m in Sources */ = {isa = PBXBuildFile; fileRef = DFDCC8681BE8AAC0000B945D /* AftAlbumRotateView.m */; };
		DFDCC86E1BE8AF3D000B945D /* pause.png in Resources */ = {isa = PBXBuildFile; fileRef = DFDCC86C1BE8AF3D000B945D /* pause.png */; };
		DFDCC86F1BE8AF3D000B945D /* start.png in Resources */ = {isa = PBXBuildFile; fileRef = DFDCC86D1BE8AF3D000B945D /* start.png */; };
		DFDCC8711BE8B009000B945D /* avatar.png in Resources */ = {isa = PBXBuildFile; fileRef = DFDCC8701BE8B009000B945D /* avatar.png */; };
		DFEF43231C848DF800584C7E /* UIColor+JRColor.m in Sources */ = {isa = PBXBuildFile; fileRef = DFEF43221C848DF800584C7E /* UIColor+JRColor.m */; };
/* End PBXBuildFile section */

/* Begin PBXCopyFilesBuildPhase section */
		DFDCC8611BE84644000B945D /* Embed Watch Content */ = {
			isa = PBXCopyFilesBuildPhase;
			buildActionMask = 2147483647;
			dstPath = "$(CONTENTS_FOLDER_PATH)/Watch";
			dstSubfolderSpec = 16;
			files = (
			);
			name = "Embed Watch Content";
			runOnlyForDeploymentPostprocessing = 0;
		};
/* End PBXCopyFilesBuildPhase section */

/* Begin PBXFileReference section */
		515A7B511C604A7700DD2CFE /* google@2x.png */ = {isa = PBXFileReference; lastKnownFileType = image.png; path = "google@2x.png"; sourceTree = "<group>"; };
		518A09EC1C5F5D9A000B8BFE /* AftWCArticleCell.h */ = {isa = PBXFileReference; fileEncoding = 4; lastKnownFileType = sourcecode.c.h; path = AftWCArticleCell.h; sourceTree = "<group>"; };
		518A09ED1C5F5D9A000B8BFE /* AftWCArticleCell.m */ = {isa = PBXFileReference; fileEncoding = 4; lastKnownFileType = sourcecode.c.objc; path = AftWCArticleCell.m; sourceTree = "<group>"; };
		51D33DB51C8450B600DFE83E /* Base */ = {isa = PBXFileReference; lastKnownFileType = file.storyboard; name = Base; path = Base.lproj/LaunchScreen.storyboard; sourceTree = "<group>"; };
		51D33DB71C84515100DFE83E /* launchImage1136.png */ = {isa = PBXFileReference; lastKnownFileType = image.png; path = launchImage1136.png; sourceTree = "<group>"; };
		889AC6541F5BE4AFC73EA1B8 /* Pods-Afternoon.release.xcconfig */ = {isa = PBXFileReference; includeInIndex = 1; lastKnownFileType = text.xcconfig; name = "Pods-Afternoon.release.xcconfig"; path = "Pods/Target Support Files/Pods-Afternoon/Pods-Afternoon.release.xcconfig"; sourceTree = "<group>"; };
		A13D03F74AE8FE14D8B068EC /* Pods-Afternoon.debug.xcconfig */ = {isa = PBXFileReference; includeInIndex = 1; lastKnownFileType = text.xcconfig; name = "Pods-Afternoon.debug.xcconfig"; path = "Pods/Target Support Files/Pods-Afternoon/Pods-Afternoon.debug.xcconfig"; sourceTree = "<group>"; };
		DF11AEA21C9296A40065520C /* AftAlbumCell.h */ = {isa = PBXFileReference; fileEncoding = 4; lastKnownFileType = sourcecode.c.h; path = AftAlbumCell.h; sourceTree = "<group>"; };
		DF11AEA31C9296A40065520C /* AftAlbumCell.m */ = {isa = PBXFileReference; fileEncoding = 4; lastKnownFileType = sourcecode.c.objc; path = AftAlbumCell.m; sourceTree = "<group>"; };
		DF11AEA51C929C6B0065520C /* AftAlbum.h */ = {isa = PBXFileReference; fileEncoding = 4; lastKnownFileType = sourcecode.c.h; path = AftAlbum.h; sourceTree = "<group>"; };
		DF11AEA61C929C6B0065520C /* AftAlbum.m */ = {isa = PBXFileReference; fileEncoding = 4; lastKnownFileType = sourcecode.c.objc; path = AftAlbum.m; sourceTree = "<group>"; };
		DF11AEA81C92B8E00065520C /* AppConstants.h */ = {isa = PBXFileReference; lastKnownFileType = sourcecode.c.h; path = AppConstants.h; sourceTree = "<group>"; };
		DF18BFC01C97E801005173C8 /* JRPhotoViewer.h */ = {isa = PBXFileReference; fileEncoding = 4; lastKnownFileType = sourcecode.c.h; path = JRPhotoViewer.h; sourceTree = "<group>"; };
		DF18BFC11C97E801005173C8 /* JRPhotoViewer.m */ = {isa = PBXFileReference; fileEncoding = 4; lastKnownFileType = sourcecode.c.objc; path = JRPhotoViewer.m; sourceTree = "<group>"; };
		DF38BAE61BF5D3F0007D9AC3 /* Model.xcdatamodel */ = {isa = PBXFileReference; lastKnownFileType = wrapper.xcdatamodel; path = Model.xcdatamodel; sourceTree = "<group>"; };
		DF38BAEF1BF5D602007D9AC3 /* AftMedia+CoreDataProperties.h */ = {isa = PBXFileReference; fileEncoding = 4; lastKnownFileType = sourcecode.c.h; path = "AftMedia+CoreDataProperties.h"; sourceTree = "<group>"; };
		DF38BAF01BF5D602007D9AC3 /* AftMedia+CoreDataProperties.m */ = {isa = PBXFileReference; fileEncoding = 4; lastKnownFileType = sourcecode.c.objc; path = "AftMedia+CoreDataProperties.m"; sourceTree = "<group>"; };
		DF38BAF11BF5D602007D9AC3 /* AftMedia.h */ = {isa = PBXFileReference; fileEncoding = 4; lastKnownFileType = sourcecode.c.h; path = AftMedia.h; sourceTree = "<group>"; };
		DF38BAF21BF5D602007D9AC3 /* AftMedia.m */ = {isa = PBXFileReference; fileEncoding = 4; lastKnownFileType = sourcecode.c.objc; path = AftMedia.m; sourceTree = "<group>"; };
		DF6302E91C946C00003FE874 /* AftAlbumTableHeadView.h */ = {isa = PBXFileReference; fileEncoding = 4; lastKnownFileType = sourcecode.c.h; path = AftAlbumTableHeadView.h; sourceTree = "<group>"; };
		DF6302EA1C946C00003FE874 /* AftAlbumTableHeadView.m */ = {isa = PBXFileReference; fileEncoding = 4; lastKnownFileType = sourcecode.c.objc; path = AftAlbumTableHeadView.m; sourceTree = "<group>"; };
		DFC554EC1C5E585A00AF705F /* AftWCArticleListController.h */ = {isa = PBXFileReference; fileEncoding = 4; lastKnownFileType = sourcecode.c.h; path = AftWCArticleListController.h; sourceTree = "<group>"; };
		DFC554ED1C5E585A00AF705F /* AftWCArticleListController.m */ = {isa = PBXFileReference; fileEncoding = 4; lastKnownFileType = sourcecode.c.objc; path = AftWCArticleListController.m; sourceTree = "<group>"; };
		DFC554EF1C5E58DC00AF705F /* AftWebViewController.h */ = {isa = PBXFileReference; fileEncoding = 4; lastKnownFileType = sourcecode.c.h; path = AftWebViewController.h; sourceTree = "<group>"; };
		DFC554F01C5E58DC00AF705F /* AftWebViewController.m */ = {isa = PBXFileReference; fileEncoding = 4; lastKnownFileType = sourcecode.c.objc; path = AftWebViewController.m; sourceTree = "<group>"; };
		DFC554F21C5E5CD000AF705F /* AftWebModel.h */ = {isa = PBXFileReference; fileEncoding = 4; lastKnownFileType = sourcecode.c.h; path = AftWebModel.h; sourceTree = "<group>"; };
		DFC554F31C5E5CD000AF705F /* AftWebModel.m */ = {isa = PBXFileReference; fileEncoding = 4; lastKnownFileType = sourcecode.c.objc; path = AftWebModel.m; sourceTree = "<group>"; };
		DFD402531BDBC653009EC2BB /* Afternoon.app */ = {isa = PBXFileReference; explicitFileType = wrapper.application; includeInIndex = 0; path = Afternoon.app; sourceTree = BUILT_PRODUCTS_DIR; };
		DFD402601BDBC653009EC2BB /* Base */ = {isa = PBXFileReference; lastKnownFileType = file.storyboard; name = Base; path = Base.lproj/Main.storyboard; sourceTree = "<group>"; };
		DFD402621BDBC653009EC2BB /* Assets.xcassets */ = {isa = PBXFileReference; lastKnownFileType = folder.assetcatalog; path = Assets.xcassets; sourceTree = "<group>"; };
		DFD4026D1BDBC733009EC2BB /* Info.plist */ = {isa = PBXFileReference; fileEncoding = 4; lastKnownFileType = text.plist.xml; name = Info.plist; path = Supported/Info.plist; sourceTree = "<group>"; };
		DFD4026E1BDBC733009EC2BB /* main.m */ = {isa = PBXFileReference; fileEncoding = 4; lastKnownFileType = sourcecode.c.objc; name = main.m; path = Supported/main.m; sourceTree = "<group>"; };
		DFD402721BDBC73A009EC2BB /* AppDelegate.h */ = {isa = PBXFileReference; fileEncoding = 4; lastKnownFileType = sourcecode.c.h; path = AppDelegate.h; sourceTree = "<group>"; };
		DFD402731BDBC73A009EC2BB /* AppDelegate.m */ = {isa = PBXFileReference; fileEncoding = 4; lastKnownFileType = sourcecode.c.objc; path = AppDelegate.m; sourceTree = "<group>"; };
		DFD402771BDBC779009EC2BB /* ViewController.h */ = {isa = PBXFileReference; fileEncoding = 4; lastKnownFileType = sourcecode.c.h; path = ViewController.h; sourceTree = "<group>"; };
		DFD402781BDBC779009EC2BB /* ViewController.m */ = {isa = PBXFileReference; fileEncoding = 4; lastKnownFileType = sourcecode.c.objc; path = ViewController.m; sourceTree = "<group>"; };
		DFD4027B1BDBD1BA009EC2BB /* BmobSDK.framework */ = {isa = PBXFileReference; lastKnownFileType = wrapper.framework; path = BmobSDK.framework; sourceTree = "<group>"; };
		DFD4027D1BDBD32C009EC2BB /* MediaPlayer.framework */ = {isa = PBXFileReference; lastKnownFileType = wrapper.framework; name = MediaPlayer.framework; path = System/Library/Frameworks/MediaPlayer.framework; sourceTree = SDKROOT; };
		DFD4027F1BDBD332009EC2BB /* AVFoundation.framework */ = {isa = PBXFileReference; lastKnownFileType = wrapper.framework; name = AVFoundation.framework; path = System/Library/Frameworks/AVFoundation.framework; sourceTree = SDKROOT; };
		DFD402811BDBD33B009EC2BB /* SystemConfiguration.framework */ = {isa = PBXFileReference; lastKnownFileType = wrapper.framework; name = SystemConfiguration.framework; path = System/Library/Frameworks/SystemConfiguration.framework; sourceTree = SDKROOT; };
		DFD402831BDBD347009EC2BB /* CoreTelephony.framework */ = {isa = PBXFileReference; lastKnownFileType = wrapper.framework; name = CoreTelephony.framework; path = System/Library/Frameworks/CoreTelephony.framework; sourceTree = SDKROOT; };
		DFD402851BDBD350009EC2BB /* CFNetwork.framework */ = {isa = PBXFileReference; lastKnownFileType = wrapper.framework; name = CFNetwork.framework; path = System/Library/Frameworks/CFNetwork.framework; sourceTree = SDKROOT; };
		DFD402871BDBD35A009EC2BB /* MobileCoreServices.framework */ = {isa = PBXFileReference; lastKnownFileType = wrapper.framework; name = MobileCoreServices.framework; path = System/Library/Frameworks/MobileCoreServices.framework; sourceTree = SDKROOT; };
		DFD402891BDBD365009EC2BB /* CoreGraphics.framework */ = {isa = PBXFileReference; lastKnownFileType = wrapper.framework; name = CoreGraphics.framework; path = System/Library/Frameworks/CoreGraphics.framework; sourceTree = SDKROOT; };
		DFD4028B1BDBD379009EC2BB /* Security.framework */ = {isa = PBXFileReference; lastKnownFileType = wrapper.framework; name = Security.framework; path = System/Library/Frameworks/Security.framework; sourceTree = SDKROOT; };
		DFD4028D1BDBD381009EC2BB /* CoreLocation.framework */ = {isa = PBXFileReference; lastKnownFileType = wrapper.framework; name = CoreLocation.framework; path = System/Library/Frameworks/CoreLocation.framework; sourceTree = SDKROOT; };
		DFD4028F1BDBD39A009EC2BB /* libsqlite3.tbd */ = {isa = PBXFileReference; lastKnownFileType = "sourcecode.text-based-dylib-definition"; name = libsqlite3.tbd; path = usr/lib/libsqlite3.tbd; sourceTree = SDKROOT; };
		DFD402911BDBD3AB009EC2BB /* libz.1.2.5.tbd */ = {isa = PBXFileReference; lastKnownFileType = "sourcecode.text-based-dylib-definition"; name = libz.1.2.5.tbd; path = usr/lib/libz.1.2.5.tbd; sourceTree = SDKROOT; };
		DFD402931BDBD3BC009EC2BB /* libicucore.tbd */ = {isa = PBXFileReference; lastKnownFileType = "sourcecode.text-based-dylib-definition"; name = libicucore.tbd; path = usr/lib/libicucore.tbd; sourceTree = SDKROOT; };
		DFD402961BDBE2BF009EC2BB /* AftBaseController.h */ = {isa = PBXFileReference; fileEncoding = 4; lastKnownFileType = sourcecode.c.h; path = AftBaseController.h; sourceTree = "<group>"; };
		DFD402971BDBE2BF009EC2BB /* AftBaseController.m */ = {isa = PBXFileReference; fileEncoding = 4; lastKnownFileType = sourcecode.c.objc; path = AftBaseController.m; sourceTree = "<group>"; };
		DFD4029C1BDBE32E009EC2BB /* AftAlbumController.h */ = {isa = PBXFileReference; fileEncoding = 4; lastKnownFileType = sourcecode.c.h; path = AftAlbumController.h; sourceTree = "<group>"; };
		DFD4029D1BDBE32E009EC2BB /* AftAlbumController.m */ = {isa = PBXFileReference; fileEncoding = 4; lastKnownFileType = sourcecode.c.objc; path = AftAlbumController.m; sourceTree = "<group>"; };
		DFD4029F1BDBE33F009EC2BB /* AftMusicController.h */ = {isa = PBXFileReference; fileEncoding = 4; lastKnownFileType = sourcecode.c.h; path = AftMusicController.h; sourceTree = "<group>"; };
		DFD402A01BDBE33F009EC2BB /* AftMusicController.m */ = {isa = PBXFileReference; fileEncoding = 4; lastKnownFileType = sourcecode.c.objc; path = AftMusicController.m; sourceTree = "<group>"; };
		DFD402A21BDD0E13009EC2BB /* AftMainController.h */ = {isa = PBXFileReference; fileEncoding = 4; lastKnownFileType = sourcecode.c.h; path = AftMainController.h; sourceTree = "<group>"; };
		DFD402A31BDD0E13009EC2BB /* AftMainController.m */ = {isa = PBXFileReference; fileEncoding = 4; lastKnownFileType = sourcecode.c.objc; path = AftMainController.m; sourceTree = "<group>"; };
		DFDCC8671BE8AAC0000B945D /* AftAlbumRotateView.h */ = {isa = PBXFileReference; fileEncoding = 4; lastKnownFileType = sourcecode.c.h; path = AftAlbumRotateView.h; sourceTree = "<group>"; };
		DFDCC8681BE8AAC0000B945D /* AftAlbumRotateView.m */ = {isa = PBXFileReference; fileEncoding = 4; lastKnownFileType = sourcecode.c.objc; path = AftAlbumRotateView.m; sourceTree = "<group>"; };
		DFDCC86C1BE8AF3D000B945D /* pause.png */ = {isa = PBXFileReference; lastKnownFileType = image.png; path = pause.png; sourceTree = "<group>"; };
		DFDCC86D1BE8AF3D000B945D /* start.png */ = {isa = PBXFileReference; lastKnownFileType = image.png; path = start.png; sourceTree = "<group>"; };
		DFDCC8701BE8B009000B945D /* avatar.png */ = {isa = PBXFileReference; lastKnownFileType = image.png; path = avatar.png; sourceTree = "<group>"; };
		DFEF43211C848DF800584C7E /* UIColor+JRColor.h */ = {isa = PBXFileReference; fileEncoding = 4; lastKnownFileType = sourcecode.c.h; path = "UIColor+JRColor.h"; sourceTree = "<group>"; };
		DFEF43221C848DF800584C7E /* UIColor+JRColor.m */ = {isa = PBXFileReference; fileEncoding = 4; lastKnownFileType = sourcecode.c.objc; path = "UIColor+JRColor.m"; sourceTree = "<group>"; };
		EA25902DC1C6F6A56994206A /* libPods-Afternoon.a */ = {isa = PBXFileReference; explicitFileType = archive.ar; includeInIndex = 0; path = "libPods-Afternoon.a"; sourceTree = BUILT_PRODUCTS_DIR; };
/* End PBXFileReference section */

/* Begin PBXFrameworksBuildPhase section */
		DFD402501BDBC653009EC2BB /* Frameworks */ = {
			isa = PBXFrameworksBuildPhase;
			buildActionMask = 2147483647;
			files = (
				DFD402941BDBD3BC009EC2BB /* libicucore.tbd in Frameworks */,
				DFD402921BDBD3AB009EC2BB /* libz.1.2.5.tbd in Frameworks */,
				DFD402901BDBD39A009EC2BB /* libsqlite3.tbd in Frameworks */,
				DFD4028E1BDBD381009EC2BB /* CoreLocation.framework in Frameworks */,
				DFD4028C1BDBD379009EC2BB /* Security.framework in Frameworks */,
				DFD4028A1BDBD365009EC2BB /* CoreGraphics.framework in Frameworks */,
				DFD402881BDBD35A009EC2BB /* MobileCoreServices.framework in Frameworks */,
				DFD402861BDBD350009EC2BB /* CFNetwork.framework in Frameworks */,
				DFD402841BDBD347009EC2BB /* CoreTelephony.framework in Frameworks */,
				DFD402821BDBD33B009EC2BB /* SystemConfiguration.framework in Frameworks */,
				DFD402801BDBD332009EC2BB /* AVFoundation.framework in Frameworks */,
				DFD4027E1BDBD32C009EC2BB /* MediaPlayer.framework in Frameworks */,
				DFD4027C1BDBD1BA009EC2BB /* BmobSDK.framework in Frameworks */,
				AC24A21745C6E749CAEE5BD1 /* libPods-Afternoon.a in Frameworks */,
			);
			runOnlyForDeploymentPostprocessing = 0;
		};
/* End PBXFrameworksBuildPhase section */

/* Begin PBXGroup section */
		518A09EB1C5F5D88000B8BFE /* Views */ = {
			isa = PBXGroup;
			children = (
				518A09EC1C5F5D9A000B8BFE /* AftWCArticleCell.h */,
				518A09ED1C5F5D9A000B8BFE /* AftWCArticleCell.m */,
			);
			path = Views;
			sourceTree = "<group>";
		};
		93B2B02A3932102E2FA502E3 /* Pods */ = {
			isa = PBXGroup;
			children = (
				A13D03F74AE8FE14D8B068EC /* Pods-Afternoon.debug.xcconfig */,
				889AC6541F5BE4AFC73EA1B8 /* Pods-Afternoon.release.xcconfig */,
			);
			name = Pods;
			sourceTree = "<group>";
		};
		DF38BAEE1BF5D602007D9AC3 /* Models */ = {
			isa = PBXGroup;
			children = (
				DF38BAEF1BF5D602007D9AC3 /* AftMedia+CoreDataProperties.h */,
				DF38BAF01BF5D602007D9AC3 /* AftMedia+CoreDataProperties.m */,
				DF38BAF11BF5D602007D9AC3 /* AftMedia.h */,
				DF38BAF21BF5D602007D9AC3 /* AftMedia.m */,
				DF11AEA51C929C6B0065520C /* AftAlbum.h */,
				DF11AEA61C929C6B0065520C /* AftAlbum.m */,
			);
			path = Models;
			sourceTree = "<group>";
		};
		DFC554E81C5E571100AF705F /* WebPart */ = {
			isa = PBXGroup;
			children = (
				518A09EB1C5F5D88000B8BFE /* Views */,
				DFC554E91C5E571100AF705F /* Controllers */,
				DFC554EA1C5E571100AF705F /* Models */,
			);
			path = WebPart;
			sourceTree = "<group>";
		};
		DFC554E91C5E571100AF705F /* Controllers */ = {
			isa = PBXGroup;
			children = (
				DFC554EC1C5E585A00AF705F /* AftWCArticleListController.h */,
				DFC554ED1C5E585A00AF705F /* AftWCArticleListController.m */,
				DFC554EF1C5E58DC00AF705F /* AftWebViewController.h */,
				DFC554F01C5E58DC00AF705F /* AftWebViewController.m */,
			);
			path = Controllers;
			sourceTree = "<group>";
		};
		DFC554EA1C5E571100AF705F /* Models */ = {
			isa = PBXGroup;
			children = (
				DFC554F21C5E5CD000AF705F /* AftWebModel.h */,
				DFC554F31C5E5CD000AF705F /* AftWebModel.m */,
			);
			path = Models;
			sourceTree = "<group>";
		};
		DFD4024A1BDBC653009EC2BB = {
			isa = PBXGroup;
			children = (
				DFD402551BDBC653009EC2BB /* Afternoon */,
				DFD402541BDBC653009EC2BB /* Products */,
				93B2B02A3932102E2FA502E3 /* Pods */,
				F57F3AC3465F9215AA8FB97F /* Frameworks */,
			);
			sourceTree = "<group>";
		};
		DFD402541BDBC653009EC2BB /* Products */ = {
			isa = PBXGroup;
			children = (
				DFD402531BDBC653009EC2BB /* Afternoon.app */,
			);
			name = Products;
			sourceTree = "<group>";
		};
		DFD402551BDBC653009EC2BB /* Afternoon */ = {
			isa = PBXGroup;
			children = (
				DFDCC86A1BE8AF3D000B945D /* Resource */,
				DFD402951BDBE275009EC2BB /* Framework */,
				DFD4027A1BDBD1BA009EC2BB /* Lib */,
				DFD402711BDBC73A009EC2BB /* App */,
				DFD402751BDBC779009EC2BB /* Classes */,
				DFD402561BDBC653009EC2BB /* Supporting Files */,
				DFD4025F1BDBC653009EC2BB /* Main.storyboard */,
				51D33DB41C8450B600DFE83E /* LaunchScreen.storyboard */,
				DFD402621BDBC653009EC2BB /* Assets.xcassets */,
			);
			path = Afternoon;
			sourceTree = "<group>";
		};
		DFD402561BDBC653009EC2BB /* Supporting Files */ = {
			isa = PBXGroup;
			children = (
				DFD4026D1BDBC733009EC2BB /* Info.plist */,
				DFD4026E1BDBC733009EC2BB /* main.m */,
				DF38BAE51BF5D3F0007D9AC3 /* Model.xcdatamodeld */,
			);
			name = "Supporting Files";
			sourceTree = "<group>";
		};
		DFD402711BDBC73A009EC2BB /* App */ = {
			isa = PBXGroup;
			children = (
				DFD402721BDBC73A009EC2BB /* AppDelegate.h */,
				DFD402731BDBC73A009EC2BB /* AppDelegate.m */,
				DF11AEA81C92B8E00065520C /* AppConstants.h */,
			);
			path = App;
			sourceTree = "<group>";
		};
		DFD402751BDBC779009EC2BB /* Classes */ = {
			isa = PBXGroup;
			children = (
				DFEF43201C848BEE00584C7E /* Category */,
				DFC554E81C5E571100AF705F /* WebPart */,
				DF38BAEE1BF5D602007D9AC3 /* Models */,
				DFDCC8661BE8A82E000B945D /* Views */,
				DFD402761BDBC779009EC2BB /* Controllers */,
			);
			path = Classes;
			sourceTree = "<group>";
		};
		DFD402761BDBC779009EC2BB /* Controllers */ = {
			isa = PBXGroup;
			children = (
				DFD402771BDBC779009EC2BB /* ViewController.h */,
				DFD402781BDBC779009EC2BB /* ViewController.m */,
				DFD402961BDBE2BF009EC2BB /* AftBaseController.h */,
				DFD402971BDBE2BF009EC2BB /* AftBaseController.m */,
				DFD4029C1BDBE32E009EC2BB /* AftAlbumController.h */,
				DFD4029D1BDBE32E009EC2BB /* AftAlbumController.m */,
				DFD4029F1BDBE33F009EC2BB /* AftMusicController.h */,
				DFD402A01BDBE33F009EC2BB /* AftMusicController.m */,
				DFD402A21BDD0E13009EC2BB /* AftMainController.h */,
				DFD402A31BDD0E13009EC2BB /* AftMainController.m */,
			);
			path = Controllers;
			sourceTree = "<group>";
		};
		DFD4027A1BDBD1BA009EC2BB /* Lib */ = {
			isa = PBXGroup;
			children = (
				DFD4027B1BDBD1BA009EC2BB /* BmobSDK.framework */,
			);
			path = Lib;
			sourceTree = "<group>";
		};
		DFD402951BDBE275009EC2BB /* Framework */ = {
			isa = PBXGroup;
			children = (
				DFD402931BDBD3BC009EC2BB /* libicucore.tbd */,
				DFD402911BDBD3AB009EC2BB /* libz.1.2.5.tbd */,
				DFD4028F1BDBD39A009EC2BB /* libsqlite3.tbd */,
				DFD4028D1BDBD381009EC2BB /* CoreLocation.framework */,
				DFD4028B1BDBD379009EC2BB /* Security.framework */,
				DFD402891BDBD365009EC2BB /* CoreGraphics.framework */,
				DFD402871BDBD35A009EC2BB /* MobileCoreServices.framework */,
				DFD402851BDBD350009EC2BB /* CFNetwork.framework */,
				DFD402831BDBD347009EC2BB /* CoreTelephony.framework */,
				DFD402811BDBD33B009EC2BB /* SystemConfiguration.framework */,
				DFD4027F1BDBD332009EC2BB /* AVFoundation.framework */,
				DFD4027D1BDBD32C009EC2BB /* MediaPlayer.framework */,
			);
			name = Framework;
			sourceTree = "<group>";
		};
		DFDCC8661BE8A82E000B945D /* Views */ = {
			isa = PBXGroup;
			children = (
				DFDCC8671BE8AAC0000B945D /* AftAlbumRotateView.h */,
				DFDCC8681BE8AAC0000B945D /* AftAlbumRotateView.m */,
				DF11AEA21C9296A40065520C /* AftAlbumCell.h */,
				DF11AEA31C9296A40065520C /* AftAlbumCell.m */,
				DF6302E91C946C00003FE874 /* AftAlbumTableHeadView.h */,
				DF6302EA1C946C00003FE874 /* AftAlbumTableHeadView.m */,
				DF18BFC01C97E801005173C8 /* JRPhotoViewer.h */,
				DF18BFC11C97E801005173C8 /* JRPhotoViewer.m */,
			);
			path = Views;
			sourceTree = "<group>";
		};
		DFDCC86A1BE8AF3D000B945D /* Resource */ = {
			isa = PBXGroup;
			children = (
				DFDCC86B1BE8AF3D000B945D /* Images */,
			);
			path = Resource;
			sourceTree = "<group>";
		};
		DFDCC86B1BE8AF3D000B945D /* Images */ = {
			isa = PBXGroup;
			children = (
				515A7B511C604A7700DD2CFE /* google@2x.png */,
				51D33DB71C84515100DFE83E /* launchImage1136.png */,
				DFDCC8701BE8B009000B945D /* avatar.png */,
				DFDCC86C1BE8AF3D000B945D /* pause.png */,
				DFDCC86D1BE8AF3D000B945D /* start.png */,
			);
			path = Images;
			sourceTree = "<group>";
		};
		DFEF43201C848BEE00584C7E /* Category */ = {
			isa = PBXGroup;
			children = (
				DFEF43211C848DF800584C7E /* UIColor+JRColor.h */,
				DFEF43221C848DF800584C7E /* UIColor+JRColor.m */,
			);
			path = Category;
			sourceTree = "<group>";
		};
		F57F3AC3465F9215AA8FB97F /* Frameworks */ = {
			isa = PBXGroup;
			children = (
				EA25902DC1C6F6A56994206A /* libPods-Afternoon.a */,
			);
			name = Frameworks;
			sourceTree = "<group>";
		};
/* End PBXGroup section */

/* Begin PBXNativeTarget section */
		DFD402521BDBC653009EC2BB /* Afternoon */ = {
			isa = PBXNativeTarget;
			buildConfigurationList = DFD4026A1BDBC653009EC2BB /* Build configuration list for PBXNativeTarget "Afternoon" */;
			buildPhases = (
				FA04504776D53867657CDB4D /* Check Pods Manifest.lock */,
				DFD4024F1BDBC653009EC2BB /* Sources */,
				DFD402501BDBC653009EC2BB /* Frameworks */,
				DFD402511BDBC653009EC2BB /* Resources */,
				DFDCC8611BE84644000B945D /* Embed Watch Content */,
				9804121ECC3B806DD616A6A7 /* Embed Pods Frameworks */,
				2850DBF87E77A7E77D21607C /* Copy Pods Resources */,
			);
			buildRules = (
			);
			dependencies = (
			);
			name = Afternoon;
			productName = Afternoon;
			productReference = DFD402531BDBC653009EC2BB /* Afternoon.app */;
			productType = "com.apple.product-type.application";
		};
/* End PBXNativeTarget section */

/* Begin PBXProject section */
		DFD4024B1BDBC653009EC2BB /* Project object */ = {
			isa = PBXProject;
			attributes = {
				LastUpgradeCheck = 0710;
				ORGANIZATIONNAME = After;
				TargetAttributes = {
					DFD402521BDBC653009EC2BB = {
						CreatedOnToolsVersion = 7.1;
						DevelopmentTeam = SU8WEJ4S57;
					};
				};
			};
			buildConfigurationList = DFD4024E1BDBC653009EC2BB /* Build configuration list for PBXProject "Afternoon" */;
			compatibilityVersion = "Xcode 3.2";
			developmentRegion = English;
			hasScannedForEncodings = 0;
			knownRegions = (
				en,
				Base,
			);
			mainGroup = DFD4024A1BDBC653009EC2BB;
			productRefGroup = DFD402541BDBC653009EC2BB /* Products */;
			projectDirPath = "";
			projectRoot = "";
			targets = (
				DFD402521BDBC653009EC2BB /* Afternoon */,
			);
		};
/* End PBXProject section */

/* Begin PBXResourcesBuildPhase section */
		DFD402511BDBC653009EC2BB /* Resources */ = {
			isa = PBXResourcesBuildPhase;
			buildActionMask = 2147483647;
			files = (
				51D33DB81C84515100DFE83E /* launchImage1136.png in Resources */,
				DFD4026F1BDBC733009EC2BB /* Info.plist in Resources */,
				DFDCC86F1BE8AF3D000B945D /* start.png in Resources */,
				DFDCC86E1BE8AF3D000B945D /* pause.png in Resources */,
				515A7B521C604A7700DD2CFE /* google@2x.png in Resources */,
				DFD402631BDBC653009EC2BB /* Assets.xcassets in Resources */,
				DFD402611BDBC653009EC2BB /* Main.storyboard in Resources */,
				51D33DB61C8450B600DFE83E /* LaunchScreen.storyboard in Resources */,
				DFDCC8711BE8B009000B945D /* avatar.png in Resources */,
			);
			runOnlyForDeploymentPostprocessing = 0;
		};
/* End PBXResourcesBuildPhase section */

/* Begin PBXShellScriptBuildPhase section */
		2850DBF87E77A7E77D21607C /* Copy Pods Resources */ = {
			isa = PBXShellScriptBuildPhase;
			buildActionMask = 2147483647;
			files = (
			);
			inputPaths = (
			);
			name = "Copy Pods Resources";
			outputPaths = (
			);
			runOnlyForDeploymentPostprocessing = 0;
			shellPath = /bin/sh;
			shellScript = "\"${SRCROOT}/Pods/Target Support Files/Pods-Afternoon/Pods-Afternoon-resources.sh\"\n";
			showEnvVarsInLog = 0;
		};
		9804121ECC3B806DD616A6A7 /* Embed Pods Frameworks */ = {
			isa = PBXShellScriptBuildPhase;
			buildActionMask = 2147483647;
			files = (
			);
			inputPaths = (
			);
			name = "Embed Pods Frameworks";
			outputPaths = (
			);
			runOnlyForDeploymentPostprocessing = 0;
			shellPath = /bin/sh;
			shellScript = "\"${SRCROOT}/Pods/Target Support Files/Pods-Afternoon/Pods-Afternoon-frameworks.sh\"\n";
			showEnvVarsInLog = 0;
		};
		FA04504776D53867657CDB4D /* Check Pods Manifest.lock */ = {
			isa = PBXShellScriptBuildPhase;
			buildActionMask = 2147483647;
			files = (
			);
			inputPaths = (
			);
			name = "Check Pods Manifest.lock";
			outputPaths = (
			);
			runOnlyForDeploymentPostprocessing = 0;
			shellPath = /bin/sh;
			shellScript = "diff \"${PODS_ROOT}/../Podfile.lock\" \"${PODS_ROOT}/Manifest.lock\" > /dev/null\nif [[ $? != 0 ]] ; then\n    cat << EOM\nerror: The sandbox is not in sync with the Podfile.lock. Run 'pod install' or update your CocoaPods installation.\nEOM\n    exit 1\nfi\n";
			showEnvVarsInLog = 0;
		};
/* End PBXShellScriptBuildPhase section */

/* Begin PBXSourcesBuildPhase section */
		DFD4024F1BDBC653009EC2BB /* Sources */ = {
			isa = PBXSourcesBuildPhase;
			buildActionMask = 2147483647;
			files = (
				DFC554F11C5E58DC00AF705F /* AftWebViewController.m in Sources */,
				DFC554F41C5E5CD000AF705F /* AftWebModel.m in Sources */,
				518A09EE1C5F5D9A000B8BFE /* AftWCArticleCell.m in Sources */,
				DFEF43231C848DF800584C7E /* UIColor+JRColor.m in Sources */,
				DFC554EE1C5E585A00AF705F /* AftWCArticleListController.m in Sources */,
				DFD402981BDBE2BF009EC2BB /* AftBaseController.m in Sources */,
				DFD402A41BDD0E13009EC2BB /* AftMainController.m in Sources */,
				DF11AEA71C929C6B0065520C /* AftAlbum.m in Sources */,
				DFD402791BDBC779009EC2BB /* ViewController.m in Sources */,
				DFD402701BDBC733009EC2BB /* main.m in Sources */,
				DF38BAE71BF5D3F0007D9AC3 /* Model.xcdatamodeld in Sources */,
				DFD402741BDBC73A009EC2BB /* AppDelegate.m in Sources */,
				DF38BAF31BF5D602007D9AC3 /* AftMedia+CoreDataProperties.m in Sources */,
				DF38BAF41BF5D602007D9AC3 /* AftMedia.m in Sources */,
				DF6302EB1C946C00003FE874 /* AftAlbumTableHeadView.m in Sources */,
				DFD4029E1BDBE32E009EC2BB /* AftAlbumController.m in Sources */,
				DFDCC8691BE8AAC0000B945D /* AftAlbumRotateView.m in Sources */,
				DF11AEA41C9296A40065520C /* AftAlbumCell.m in Sources */,
				DF18BFC21C97E801005173C8 /* JRPhotoViewer.m in Sources */,
				DFD402A11BDBE33F009EC2BB /* AftMusicController.m in Sources */,
			);
			runOnlyForDeploymentPostprocessing = 0;
		};
/* End PBXSourcesBuildPhase section */

/* Begin PBXVariantGroup section */
		51D33DB41C8450B600DFE83E /* LaunchScreen.storyboard */ = {
			isa = PBXVariantGroup;
			children = (
				51D33DB51C8450B600DFE83E /* Base */,
			);
			name = LaunchScreen.storyboard;
			sourceTree = "<group>";
		};
		DFD4025F1BDBC653009EC2BB /* Main.storyboard */ = {
			isa = PBXVariantGroup;
			children = (
				DFD402601BDBC653009EC2BB /* Base */,
			);
			name = Main.storyboard;
			sourceTree = "<group>";
		};
/* End PBXVariantGroup section */

/* Begin XCBuildConfiguration section */
		DFD402681BDBC653009EC2BB /* Debug */ = {
			isa = XCBuildConfiguration;
			buildSettings = {
				ALWAYS_SEARCH_USER_PATHS = NO;
				CLANG_CXX_LANGUAGE_STANDARD = "gnu++0x";
				CLANG_CXX_LIBRARY = "libc++";
				CLANG_ENABLE_MODULES = YES;
				CLANG_ENABLE_OBJC_ARC = YES;
				CLANG_WARN_BOOL_CONVERSION = YES;
				CLANG_WARN_CONSTANT_CONVERSION = YES;
				CLANG_WARN_DIRECT_OBJC_ISA_USAGE = YES_ERROR;
				CLANG_WARN_EMPTY_BODY = YES;
				CLANG_WARN_ENUM_CONVERSION = YES;
				CLANG_WARN_INT_CONVERSION = YES;
				CLANG_WARN_OBJC_ROOT_CLASS = YES_ERROR;
				CLANG_WARN_UNREACHABLE_CODE = YES;
				CLANG_WARN__DUPLICATE_METHOD_MATCH = YES;
				"CODE_SIGN_IDENTITY[sdk=iphoneos*]" = "iPhone Developer";
				COPY_PHASE_STRIP = NO;
				DEBUG_INFORMATION_FORMAT = dwarf;
				ENABLE_STRICT_OBJC_MSGSEND = YES;
				ENABLE_TESTABILITY = YES;
				GCC_C_LANGUAGE_STANDARD = gnu99;
				GCC_DYNAMIC_NO_PIC = NO;
				GCC_NO_COMMON_BLOCKS = YES;
				GCC_OPTIMIZATION_LEVEL = 0;
				GCC_PREPROCESSOR_DEFINITIONS = (
					"DEBUG=1",
					"$(inherited)",
				);
				GCC_WARN_64_TO_32_BIT_CONVERSION = YES;
				GCC_WARN_ABOUT_RETURN_TYPE = YES_ERROR;
				GCC_WARN_UNDECLARED_SELECTOR = YES;
				GCC_WARN_UNINITIALIZED_AUTOS = YES_AGGRESSIVE;
				GCC_WARN_UNUSED_FUNCTION = YES;
				GCC_WARN_UNUSED_VARIABLE = YES;
				IPHONEOS_DEPLOYMENT_TARGET = 7.0;
				MTL_ENABLE_DEBUG_INFO = YES;
				ONLY_ACTIVE_ARCH = YES;
				SDKROOT = iphoneos;
			};
			name = Debug;
		};
		DFD402691BDBC653009EC2BB /* Release */ = {
			isa = XCBuildConfiguration;
			buildSettings = {
				ALWAYS_SEARCH_USER_PATHS = NO;
				CLANG_CXX_LANGUAGE_STANDARD = "gnu++0x";
				CLANG_CXX_LIBRARY = "libc++";
				CLANG_ENABLE_MODULES = YES;
				CLANG_ENABLE_OBJC_ARC = YES;
				CLANG_WARN_BOOL_CONVERSION = YES;
				CLANG_WARN_CONSTANT_CONVERSION = YES;
				CLANG_WARN_DIRECT_OBJC_ISA_USAGE = YES_ERROR;
				CLANG_WARN_EMPTY_BODY = YES;
				CLANG_WARN_ENUM_CONVERSION = YES;
				CLANG_WARN_INT_CONVERSION = YES;
				CLANG_WARN_OBJC_ROOT_CLASS = YES_ERROR;
				CLANG_WARN_UNREACHABLE_CODE = YES;
				CLANG_WARN__DUPLICATE_METHOD_MATCH = YES;
				"CODE_SIGN_IDENTITY[sdk=iphoneos*]" = "iPhone Developer";
				COPY_PHASE_STRIP = NO;
				DEBUG_INFORMATION_FORMAT = "dwarf-with-dsym";
				ENABLE_NS_ASSERTIONS = NO;
				ENABLE_STRICT_OBJC_MSGSEND = YES;
				GCC_C_LANGUAGE_STANDARD = gnu99;
				GCC_NO_COMMON_BLOCKS = YES;
				GCC_WARN_64_TO_32_BIT_CONVERSION = YES;
				GCC_WARN_ABOUT_RETURN_TYPE = YES_ERROR;
				GCC_WARN_UNDECLARED_SELECTOR = YES;
				GCC_WARN_UNINITIALIZED_AUTOS = YES_AGGRESSIVE;
				GCC_WARN_UNUSED_FUNCTION = YES;
				GCC_WARN_UNUSED_VARIABLE = YES;
				IPHONEOS_DEPLOYMENT_TARGET = 7.0;
				MTL_ENABLE_DEBUG_INFO = NO;
				SDKROOT = iphoneos;
				VALIDATE_PRODUCT = YES;
			};
			name = Release;
		};
		DFD4026B1BDBC653009EC2BB /* Debug */ = {
			isa = XCBuildConfiguration;
			baseConfigurationReference = A13D03F74AE8FE14D8B068EC /* Pods-Afternoon.debug.xcconfig */;
			buildSettings = {
				ASSETCATALOG_COMPILER_APPICON_NAME = AppIcon;
				ASSETCATALOG_COMPILER_LAUNCHIMAGE_NAME = LaunchImage;
				CODE_SIGN_IDENTITY = "iPhone Developer";
				FRAMEWORK_SEARCH_PATHS = (
					"$(inherited)",
					"$(PROJECT_DIR)/Afternoon/Lib",
				);
				INFOPLIST_FILE = Afternoon/Supported/Info.plist;
				IPHONEOS_DEPLOYMENT_TARGET = 7.0;
				LD_RUNPATH_SEARCH_PATHS = "$(inherited) @executable_path/Frameworks";
				PRODUCT_BUNDLE_IDENTIFIER = com.after.Afternoon;
				PRODUCT_NAME = "$(TARGET_NAME)";
			};
			name = Debug;
		};
		DFD4026C1BDBC653009EC2BB /* Release */ = {
			isa = XCBuildConfiguration;
			baseConfigurationReference = 889AC6541F5BE4AFC73EA1B8 /* Pods-Afternoon.release.xcconfig */;
			buildSettings = {
				ASSETCATALOG_COMPILER_APPICON_NAME = AppIcon;
				ASSETCATALOG_COMPILER_LAUNCHIMAGE_NAME = LaunchImage;
				CODE_SIGN_IDENTITY = "iPhone Developer";
				FRAMEWORK_SEARCH_PATHS = (
					"$(inherited)",
					"$(PROJECT_DIR)/Afternoon/Lib",
				);
				INFOPLIST_FILE = Afternoon/Supported/Info.plist;
				IPHONEOS_DEPLOYMENT_TARGET = 7.0;
				LD_RUNPATH_SEARCH_PATHS = "$(inherited) @executable_path/Frameworks";
				PRODUCT_BUNDLE_IDENTIFIER = com.after.Afternoon;
				PRODUCT_NAME = "$(TARGET_NAME)";
			};
			name = Release;
		};
/* End XCBuildConfiguration section */

/* Begin XCConfigurationList section */
		DFD4024E1BDBC653009EC2BB /* Build configuration list for PBXProject "Afternoon" */ = {
			isa = XCConfigurationList;
			buildConfigurations = (
				DFD402681BDBC653009EC2BB /* Debug */,
				DFD402691BDBC653009EC2BB /* Release */,
			);
			defaultConfigurationIsVisible = 0;
			defaultConfigurationName = Release;
		};
		DFD4026A1BDBC653009EC2BB /* Build configuration list for PBXNativeTarget "Afternoon" */ = {
			isa = XCConfigurationList;
			buildConfigurations = (
				DFD4026B1BDBC653009EC2BB /* Debug */,
				DFD4026C1BDBC653009EC2BB /* Release */,
			);
			defaultConfigurationIsVisible = 0;
			defaultConfigurationName = Release;
		};
/* End XCConfigurationList section */

/* Begin XCVersionGroup section */
		DF38BAE51BF5D3F0007D9AC3 /* Model.xcdatamodeld */ = {
			isa = XCVersionGroup;
			children = (
				DF38BAE61BF5D3F0007D9AC3 /* Model.xcdatamodel */,
			);
			currentVersion = DF38BAE61BF5D3F0007D9AC3 /* Model.xcdatamodel */;
			name = Model.xcdatamodeld;
			path = Supported/Model.xcdatamodeld;
			sourceTree = "<group>";
			versionGroupType = wrapper.xcdatamodel;
		};
/* End XCVersionGroup section */
	};
	rootObject = DFD4024B1BDBC653009EC2BB /* Project object */;
}
